
Microsoft Visual Studio Solution File, Format Version 12.00
# Visual Studio Version 17
VisualStudioVersion = 17.7.34031.279
MinimumVisualStudioVersion = 10.0.40219.1
Project("{FAE04EC0-301F-11D3-BF4B-00C04F79EFBC}") = "Week5LogicalOperators", "Week5LogicalOperators\Week5LogicalOperators.csproj", "{4C2D3BE6-9BDB-4457-8CEC-A7E85A506DE5}"
EndProject
Project("{FAE04EC0-301F-11D3-BF4B-00C04F79EFBC}") = "ANDOperator", "ANDOperatore\ANDOperator.csproj", "{8ED190C8-0794-47A0-B5CB-4719869435CA}"
EndProject
Project("{FAE04EC0-301F-11D3-BF4B-00C04F79EFBC}") = "OROperator", "OROperator\OROperator.csproj", "{2F00A197-C609-4F6E-B244-51C10B558207}"
EndProject
Project("{FAE04EC0-301F-11D3-BF4B-00C04F79EFBC}") = "ANDRanges", "ANDRanges\ANDRanges.csproj", "{15332E63-562A-456B-86FF-F83D5EF326FD}"
EndProject
Global
	GlobalSection(SolutionConfigurationPlatforms) = preSolution
		Debug|Any CPU = Debug|Any CPU
		Release|Any CPU = Release|Any CPU
	EndGlobalSection
	GlobalSection(ProjectConfigurationPlatforms) = postSolution
		{4C2D3BE6-9BDB-4457-8CEC-A7E85A506DE5}.Debug|Any CPU.ActiveCfg = Debug|Any CPU
		{4C2D3BE6-9BDB-4457-8CEC-A7E85A506DE5}.Debug|Any CPU.Build.0 = Debug|Any CPU
		{4C2D3BE6-9BDB-4457-8CEC-A7E85A506DE5}.Release|Any CPU.ActiveCfg = Release|Any CPU
		{4C2D3BE6-9BDB-4457-8CEC-A7E85A506DE5}.Release|Any CPU.Build.0 = Release|Any CPU
		{8ED190C8-0794-47A0-B5CB-4719869435CA}.Debug|Any CPU.ActiveCfg = Debug|Any CPU
		{8ED190C8-0794-47A0-B5CB-4719869435CA}.Debug|Any CPU.Build.0 = Debug|Any CPU
		{8ED190C8-0794-47A0-B5CB-4719869435CA}.Release|Any CPU.ActiveCfg = Release|Any CPU
		{8ED190C8-0794-47A0-B5CB-4719869435CA}.Release|Any CPU.Build.0 = Release|Any CPU
		{2F00A197-C609-4F6E-B244-51C10B558207}.Debug|Any CPU.ActiveCfg = Debug|Any CPU
		{2F00A197-C609-4F6E-B244-51C10B558207}.Debug|Any CPU.Build.0 = Debug|Any CPU
		{2F00A197-C609-4F6E-B244-51C10B558207}.Release|Any CPU.ActiveCfg = Release|Any CPU
		{2F00A197-C609-4F6E-B244-51C10B558207}.Release|Any CPU.Build.0 = Release|Any CPU
		{15332E63-562A-456B-86FF-F83D5EF326FD}.Debug|Any CPU.ActiveCfg = Debug|Any CPU
		{15332E63-562A-456B-86FF-F83D5EF326FD}.Debug|Any CPU.Build.0 = Debug|Any CPU
		{15332E63-562A-456B-86FF-F83D5EF326FD}.Release|Any CPU.ActiveCfg = Release|Any CPU
		{15332E63-562A-456B-86FF-F83D5EF326FD}.Release|Any CPU.Build.0 = Release|Any CPU
	EndGlobalSection
	GlobalSection(SolutionProperties) = preSolution
		HideSolutionNode = FALSE
	EndGlobalSection
	GlobalSection(ExtensibilityGlobals) = postSolution
		SolutionGuid = {224A077C-E68E-4BF7-90E5-6A830005887F}
	EndGlobalSection
EndGlobal
